golang.org/x/sys v0.42.0 h1:omrd2nAlyT5ESRdCLYdm3+fMfNFE/+Rf4bDIQImRJeo=
golang.org/x/sys v0.42.0/go.mod h1:4GL1E5IUh+htKOUEOaiffhrAeqysfVGipDYzABqnCmw=
gopkg.in/lumberjack.v2 v2.0.0 h1:IDj6hi8KbNiPQ5VaYNFZ7dBJLF5LFeKvsFrWHjA5aq4=
gopkg.in/lumberjack.v2 v2.0.0/go.mod h1:bp5nQ2kK/lLQSmTk29azj9+JB6bWci56xFn/lvd5GLI=
nhooyr.io/websocket v1.8.17 h1:KEVeLJkUywCKVsnLIDlD/5gtayKp8VoCkksHCGGfT9Y=
nhooyr.io/websocket v1.8.17/go.mod h1:rN9OFWIUwuxg4fR5tELlYC04bXYowCP9GX47ivo2l+c=
